
Microsoft Visual Studio Solution File, Format Version 12.00
# Visual Studio Version 16
VisualStudioVersion = 16.0.32802.440
MinimumVisualStudioVersion = 10.0.40219.1
Project("{FAE04EC0-301F-11D3-BF4B-00C04F79EFBC}") = "mvctestdemo", "mvctestdemo\mvctestdemo.csproj", "{AC34FC73-512C-4216-91E4-37CC2C939F39}"
EndProject
Project("{FAE04EC0-301F-11D3-BF4B-00C04F79EFBC}") = "MVCFramework", "MVCFramework\MVCFramework.csproj", "{B8451C02-B8E7-4B61-9E64-44482F3FC7A8}"
EndProject
Global
	GlobalSection(SolutionConfigurationPlatforms) = preSolution
		Debug|Any CPU = Debug|Any CPU
		Release|Any CPU = Release|Any CPU
	EndGlobalSection
	GlobalSection(ProjectConfigurationPlatforms) = postSolution
		{AC34FC73-512C-4216-91E4-37CC2C939F39}.Debug|Any CPU.ActiveCfg = Debug|Any CPU
		{AC34FC73-512C-4216-91E4-37CC2C939F39}.Debug|Any CPU.Build.0 = Debug|Any CPU
		{AC34FC73-512C-4216-91E4-37CC2C939F39}.Release|Any CPU.ActiveCfg = Release|Any CPU
		{AC34FC73-512C-4216-91E4-37CC2C939F39}.Release|Any CPU.Build.0 = Release|Any CPU
		{B8451C02-B8E7-4B61-9E64-44482F3FC7A8}.Debug|Any CPU.ActiveCfg = Debug|Any CPU
		{B8451C02-B8E7-4B61-9E64-44482F3FC7A8}.Debug|Any CPU.Build.0 = Debug|Any CPU
		{B8451C02-B8E7-4B61-9E64-44482F3FC7A8}.Release|Any CPU.ActiveCfg = Release|Any CPU
		{B8451C02-B8E7-4B61-9E64-44482F3FC7A8}.Release|Any CPU.Build.0 = Release|Any CPU
	EndGlobalSection
	GlobalSection(SolutionProperties) = preSolution
		HideSolutionNode = FALSE
	EndGlobalSection
	GlobalSection(ExtensibilityGlobals) = postSolution
		SolutionGuid = {E492DEAE-E2AF-43BF-B888-6F900334FC4E}
	EndGlobalSection
EndGlobal
